
Microsoft Visual Studio Solution File, Format Version 12.00
# Visual Studio 15
Project("{FAE04EC0-301F-11D3-BF4B-00C04F79EFBC}") = "Assembly-CSharp", "Assembly-CSharp.csproj", "{8BD133AA-96FC-03E1-C1AC-FD63C8D749AB}"
EndProject
Project("{FAE04EC0-301F-11D3-BF4B-00C04F79EFBC}") = "sc.vegetationspawner.runtime", "sc.vegetationspawner.runtime.csproj", "{0F8DE984-3F69-3121-C9C2-5C7DA3B72390}"
EndProject
Project("{FAE04EC0-301F-11D3-BF4B-00C04F79EFBC}") = "Assembly-CSharp-Editor", "Assembly-CSharp-Editor.csproj", "{C7A19D5E-08D2-4336-A706-1725D855D9B5}"
EndProject
Project("{FAE04EC0-301F-11D3-BF4B-00C04F79EFBC}") = "Freeloader", "Freeloader.csproj", "{428D518F-A187-4878-3A94-269C62422FB0}"
EndProject
Project("{FAE04EC0-301F-11D3-BF4B-00C04F79EFBC}") = "sc.vegetationspawner.editor", "sc.vegetationspawner.editor.csproj", "{5DEE7D5C-348C-DBED-2590-0D012FA55610}"
EndProject
Global
	GlobalSection(SolutionConfigurationPlatforms) = preSolution
		Debug|Any CPU = Debug|Any CPU
		Release|Any CPU = Release|Any CPU
	EndGlobalSection
	GlobalSection(ProjectConfigurationPlatforms) = postSolution
		{8BD133AA-96FC-03E1-C1AC-FD63C8D749AB}.Debug|Any CPU.ActiveCfg = Debug|Any CPU
		{8BD133AA-96FC-03E1-C1AC-FD63C8D749AB}.Debug|Any CPU.Build.0 = Debug|Any CPU
		{8BD133AA-96FC-03E1-C1AC-FD63C8D749AB}.Release|Any CPU.ActiveCfg = Release|Any CPU
		{8BD133AA-96FC-03E1-C1AC-FD63C8D749AB}.Release|Any CPU.Build.0 = Release|Any CPU
		{0F8DE984-3F69-3121-C9C2-5C7DA3B72390}.Debug|Any CPU.ActiveCfg = Debug|Any CPU
		{0F8DE984-3F69-3121-C9C2-5C7DA3B72390}.Debug|Any CPU.Build.0 = Debug|Any CPU
		{0F8DE984-3F69-3121-C9C2-5C7DA3B72390}.Release|Any CPU.ActiveCfg = Release|Any CPU
		{0F8DE984-3F69-3121-C9C2-5C7DA3B72390}.Release|Any CPU.Build.0 = Release|Any CPU
		{C7A19D5E-08D2-4336-A706-1725D855D9B5}.Debug|Any CPU.ActiveCfg = Debug|Any CPU
		{C7A19D5E-08D2-4336-A706-1725D855D9B5}.Debug|Any CPU.Build.0 = Debug|Any CPU
		{C7A19D5E-08D2-4336-A706-1725D855D9B5}.Release|Any CPU.ActiveCfg = Release|Any CPU
		{C7A19D5E-08D2-4336-A706-1725D855D9B5}.Release|Any CPU.Build.0 = Release|Any CPU
		{428D518F-A187-4878-3A94-269C62422FB0}.Debug|Any CPU.ActiveCfg = Debug|Any CPU
		{428D518F-A187-4878-3A94-269C62422FB0}.Debug|Any CPU.Build.0 = Debug|Any CPU
		{428D518F-A187-4878-3A94-269C62422FB0}.Release|Any CPU.ActiveCfg = Release|Any CPU
		{428D518F-A187-4878-3A94-269C62422FB0}.Release|Any CPU.Build.0 = Release|Any CPU
		{5DEE7D5C-348C-DBED-2590-0D012FA55610}.Debug|Any CPU.ActiveCfg = Debug|Any CPU
		{5DEE7D5C-348C-DBED-2590-0D012FA55610}.Debug|Any CPU.Build.0 = Debug|Any CPU
		{5DEE7D5C-348C-DBED-2590-0D012FA55610}.Release|Any CPU.ActiveCfg = Release|Any CPU
		{5DEE7D5C-348C-DBED-2590-0D012FA55610}.Release|Any CPU.Build.0 = Release|Any CPU
	EndGlobalSection
	GlobalSection(SolutionProperties) = preSolution
		HideSolutionNode = FALSE
	EndGlobalSection
EndGlobal
